# THIS IS AN AUTOGENERATED FILE. DO NOT EDIT THIS FILE DIRECTLY.
# yarn lockfile v1


escape-string-regexp@^1.0.5:
  version "1.0.5"
  resolved "https://registry.yarnpkg.com/escape-string-regexp/-/escape-string-regexp-1.0.5.tgz#1b61c0562190a8dff6ae3bb2cf0200ca130b86d4"
  integrity sha1-G2HAViGQqN/2rjuyzwIAyhMLhtQ=

html-webpack-inline-source-plugin@^0.0.10:
  version "0.0.10"
  resolved "https://registry.yarnpkg.com/html-webpack-inline-source-plugin/-/html-webpack-inline-source-plugin-0.0.10.tgz#89bd5f761e4f16902aa76a44476eb52831c9f7f0"
  integrity sha512-0ZNU57u7283vrXSF5a4VDnVOMWiSwypKIp1z/XfXWoVHLA1r3Xmyxx5+Lz+mnthz/UvxL1OAf41w5UIF68Jngw==
  dependencies:
    escape-string-regexp "^1.0.5"
    slash "^1.0.0"
    source-map-url "^0.4.0"

slash@^1.0.0:
  version "1.0.0"
  resolved "https://registry.yarnpkg.com/slash/-/slash-1.0.0.tgz#c41f2f6c39fc16d1cd17ad4b5d896114ae470d55"
  integrity sha1-xB8vbDn8FtHNF61LXYlhFK5HDVU=

source-map-url@^0.4.0:
  version "0.4.0"
  resolved "https://registry.yarnpkg.com/source-map-url/-/source-map-url-0.4.0.tgz#3e935d7ddd73631b97659956d55128e87b5084a3"
  integrity sha1-PpNdfd1zYxuXZZlW1VEo6HtQhKM=
