lockfileVersion: '9.0'

settings:
  autoInstallPeers: true
  excludeLinksFromLockfile: false

importers:

  .:
    dependencies:
      '@hono/node-server':
        specifier: ^2.1.0
        version: 2.1.0(hono@4.13.0)
      hono:
        specifier: ^4.13.0
        version: 4.13.0

packages:

  '@hono/node-server@2.1.0':
    resolution: {integrity: sha512-XovyyCCnBzW+zKu+z/zq8hwNs4KOR5rEMAOxo2f40Q5xoOI37IMm6MIg2COOUtUApo0i6850MTBKH2u4QLGIqg==}
    engines: {node: '>=20'}
    peerDependencies:
      hono: ^4

  hono@4.13.0:
    resolution: {integrity: sha512-jhunvfHWxd7J5EFfSgH4xsYJzSe/lfqbUCxiyyeaQasUsXeEHXtzVid+7EOGByc5JnFa23SSFL3Y2RV/z1T+eQ==}
    engines: {node: '>=16.9.0'}

snapshots:

  '@hono/node-server@2.1.0(hono@4.13.0)':
    dependencies:
      hono: 4.13.0

  hono@4.13.0: {}
